// !$*UTF8*$!
{
	archiveVersion = 1;
	classes = {
	};
	objectVersion = 46;
	objects = {

/* Begin PBXBuildFile section */
		0207DA581B56EA530066E2B4 /* Images.xcassets in Resources */ = {isa = PBXBuildFile; fileRef = 0207DA571B56EA530066E2B4 /* Images.xcassets */; };
		04155CD4FEB442FE87BB6A35 /* CoreLocation.framework in Frameworks */ = {isa = PBXBuildFile; fileRef = 1B5665C5580F49F1BEB3FFCE /* CoreLocation.framework */; };
		04A2B4F2E1D946FE852D0CB8 /* CDVNotification.bundle in Resources */ = {isa = PBXBuildFile; fileRef = D313DEA1A6BF4CC99A515BDC /* CDVNotification.bundle */; };
		0BD9C0F5547C43AE81C03A90 /* CDVCamera.m in Sources */ = {isa = PBXBuildFile; fileRef = 5C83C2CA7DF443B89EA9A291 /* CDVCamera.m */; };
		165299E325C8418DA6106925 /* CDVInAppBrowser.m in Sources */ = {isa = PBXBuildFile; fileRef = EAEBBDA655C0497DA6D6F297 /* CDVInAppBrowser.m */; };
		1D3623260D0F684500981E51 /* AppDelegate.m in Sources */ = {isa = PBXBuildFile; fileRef = 1D3623250D0F684500981E51 /* AppDelegate.m */; };
		1D60589B0D05DD56006BFB54 /* main.m in Sources */ = {isa = PBXBuildFile; fileRef = 29B97316FDCFA39411CA2CEA /* main.m */; };
		217ABB5206E241629A4E565E /* ImageIO.framework in Frameworks */ = {isa = PBXBuildFile; fileRef = EDCAC89B42DA4CCEBF372FFC /* ImageIO.framework */; settings = {ATTRIBUTES = (Weak, ); }; };
		2333D87CA2264E45B8204CD8 /* CDVStatusBar.m in Sources */ = {isa = PBXBuildFile; fileRef = BD3DD786197F4D8698DF4608 /* CDVStatusBar.m */; };
		301BF552109A68D80062928A /* libCordova.a in Frameworks */ = {isa = PBXBuildFile; fileRef = 301BF535109A57CC0062928A /* libCordova.a */; };
		302D95F114D2391D003F00A1 /* MainViewController.m in Sources */ = {isa = PBXBuildFile; fileRef = 302D95EF14D2391D003F00A1 /* MainViewController.m */; };
		302D95F214D2391D003F00A1 /* MainViewController.xib in Resources */ = {isa = PBXBuildFile; fileRef = 302D95F014D2391D003F00A1 /* MainViewController.xib */; };
		3047A5121AB8059700498E2A /* build-debug.xcconfig in Resources */ = {isa = PBXBuildFile; fileRef = 3047A50F1AB8059700498E2A /* build-debug.xcconfig */; };
		3047A5131AB8059700498E2A /* build-release.xcconfig in Resources */ = {isa = PBXBuildFile; fileRef = 3047A5101AB8059700498E2A /* build-release.xcconfig */; };
		3047A5141AB8059700498E2A /* build.xcconfig in Resources */ = {isa = PBXBuildFile; fileRef = 3047A5111AB8059700498E2A /* build.xcconfig */; };
		315C6739FCCA4C7596D93904 /* CDVDevice.m in Sources */ = {isa = PBXBuildFile; fileRef = D27676C36F044ACEA58EB476 /* CDVDevice.m */; };
		32B7E20F414040498127A5D6 /* CDVCapture.m in Sources */ = {isa = PBXBuildFile; fileRef = 3A26500B9AA7406787F28B87 /* CDVCapture.m */; };
		47C96AB456804BBBB0291C24 /* CDVVibration.m in Sources */ = {isa = PBXBuildFile; fileRef = 689A5A7BBD5A4B1A802AFA84 /* CDVVibration.m */; };
		49FD8A5755B54283BF3DB13F /* CDVCompass.m in Sources */ = {isa = PBXBuildFile; fileRef = 6AD85FDC27024B6E815676BC /* CDVCompass.m */; };
		5250D831FF7245FC9F747473 /* CDVBattery.m in Sources */ = {isa = PBXBuildFile; fileRef = 473642A617E1401C8A60DFB2 /* CDVBattery.m */; };
		58618E62D41B47BDB6109F5A /* CDVFile.m in Sources */ = {isa = PBXBuildFile; fileRef = F2245A8ED03F4887B18D5ADC /* CDVFile.m */; };
		5E1A9272C54C4BFE9EEDE2CE /* CoreMotion.framework in Frameworks */ = {isa = PBXBuildFile; fileRef = 2E3D26B749C741429821C07C /* CoreMotion.framework */; };
		6371DF9C40EB4A84BB8D6F14 /* CDVLocalFilesystem.m in Sources */ = {isa = PBXBuildFile; fileRef = 56D014BD47A344EB81C8BCEF /* CDVLocalFilesystem.m */; };
		663427DC6561496784267B4A /* AVFoundation.framework in Frameworks */ = {isa = PBXBuildFile; fileRef = 9CCD30C65BFE4C1DB30BC7AE /* AVFoundation.framework */; };
		678E1AD79EDC400395C1DFE9 /* CDVCapture.bundle in Resources */ = {isa = PBXBuildFile; fileRef = F59C7AA9BE6741B394CE0009 /* CDVCapture.bundle */; };
		6DB6954A7C3A474CA5D0964D /* CDVNotification.m in Sources */ = {isa = PBXBuildFile; fileRef = 577111081D8E4A889583FA37 /* CDVNotification.m */; };
		74DB9A5768EA403EAF4224AD /* CDVJpegHeaderWriter.m in Sources */ = {isa = PBXBuildFile; fileRef = B6C50AFB5A1641929F9F61D9 /* CDVJpegHeaderWriter.m */; };
		78009112F9F940FEB552D756 /* CDVContact.m in Sources */ = {isa = PBXBuildFile; fileRef = 65E99E246324462D94D0E204 /* CDVContact.m */; };
		806EDDDF62C04186B3EF54A2 /* CDVContacts.m in Sources */ = {isa = PBXBuildFile; fileRef = EB54DB392465487BB0FB77AA /* CDVContacts.m */; };
		80E4B3CDCB404E14904C0ACC /* SystemConfiguration.framework in Frameworks */ = {isa = PBXBuildFile; fileRef = 4CA670409E3A45FBB2C03DAD /* SystemConfiguration.framework */; settings = {ATTRIBUTES = (Weak, ); }; };
		917FCAAFDBDB4A748C22A02B /* CDVLogger.m in Sources */ = {isa = PBXBuildFile; fileRef = E01F7B59B6224B46A71D09F9 /* CDVLogger.m */; };
		A175D06B51AB44F6A93FB147 /* CDVViewController+SplashScreen.m in Sources */ = {isa = PBXBuildFile; fileRef = 8B2202AC1BBB40AEAD91995D /* CDVViewController+SplashScreen.m */; };
		AE3A037D067943B4BA120CD8 /* AddressBookUI.framework in Frameworks */ = {isa = PBXBuildFile; fileRef = EDE033A6C8634615887E3B54 /* AddressBookUI.framework */; settings = {ATTRIBUTES = (Weak, ); }; };
		B1B38000CF7B433B9A76B4B6 /* CDVLocation.m in Sources */ = {isa = PBXBuildFile; fileRef = 66B5CA411BFE400D8C83880E /* CDVLocation.m */; };
		BE15CA464F6C43419DF02B5C /* CDVAccelerometer.m in Sources */ = {isa = PBXBuildFile; fileRef = 6EB2B5F7B82840508F3475A5 /* CDVAccelerometer.m */; };
		CCFDB1FF9E464120927FB4F5 /* AddressBook.framework in Frameworks */ = {isa = PBXBuildFile; fileRef = F3013F009F4A4CD2B4C03A69 /* AddressBook.framework */; settings = {ATTRIBUTES = (Weak, ); }; };
		CFE929788E8E4628A1BE350B /* CDVSound.m in Sources */ = {isa = PBXBuildFile; fileRef = ED8BF55CF857453D8A0A5589 /* CDVSound.m */; };
		D8FA78D402114615BA36A674 /* CDVConnection.m in Sources */ = {isa = PBXBuildFile; fileRef = 679B616FA1224DFD907F1BCF /* CDVConnection.m */; };
		E1711BA4DB624B869566820A /* CoreTelephony.framework in Frameworks */ = {isa = PBXBuildFile; fileRef = 04A062F213AD4491A22F810E /* CoreTelephony.framework */; };
		E208C02617D64A45AA80C2AB /* CDVFileTransfer.m in Sources */ = {isa = PBXBuildFile; fileRef = C0530DC675AD4F64B9CAE83B /* CDVFileTransfer.m */; };
		E5935808F90640519E84A8DE /* AudioToolbox.framework in Frameworks */ = {isa = PBXBuildFile; fileRef = 59BD44E738334FACA4F589FF /* AudioToolbox.framework */; settings = {ATTRIBUTES = (Weak, ); }; };
		E915EFC85BDE4086BC21F0FD /* CDVGlobalization.m in Sources */ = {isa = PBXBuildFile; fileRef = 9E74C07220374C278F157DC8 /* CDVGlobalization.m */; };
		F6C425E113E14A18B7ADF006 /* CDVAssetLibraryFilesystem.m in Sources */ = {isa = PBXBuildFile; fileRef = 17E0948D8F694D75A02E7FD9 /* CDVAssetLibraryFilesystem.m */; };
		F83FEB6D2CE64F799E790064 /* CDVReachability.m in Sources */ = {isa = PBXBuildFile; fileRef = DBEFE8E79B6443D39549123D /* CDVReachability.m */; };
		F902B40F1075495EBFF4263D /* CDVSplashScreen.m in Sources */ = {isa = PBXBuildFile; fileRef = 80DED623DE194268BA59945E /* CDVSplashScreen.m */; };
		FEDF88A50698404A8898F985 /* UIImage+CropScaleOrientation.m in Sources */ = {isa = PBXBuildFile; fileRef = 4C58D0FAB1FB409DA3DE53C8 /* UIImage+CropScaleOrientation.m */; };
/* End PBXBuildFile section */

/* Begin PBXContainerItemProxy section */
		301BF534109A57CC0062928A /* PBXContainerItemProxy */ = {
			isa = PBXContainerItemProxy;
			containerPortal = 301BF52D109A57CC0062928A /* CordovaLib.xcodeproj */;
			proxyType = 2;
			remoteGlobalIDString = D2AAC07E0554694100DB518D;
			remoteInfo = CordovaLib;
		};
		301BF550109A68C00062928A /* PBXContainerItemProxy */ = {
			isa = PBXContainerItemProxy;
			containerPortal = 301BF52D109A57CC0062928A /* CordovaLib.xcodeproj */;
			proxyType = 1;
			remoteGlobalIDString = D2AAC07D0554694100DB518D;
			remoteInfo = CordovaLib;
		};
/* End PBXContainerItemProxy section */

/* Begin PBXFileReference section */
		0160954CF33B4DEFB664EB25 /* CDVBattery.h */ = {isa = PBXFileReference; explicitFileType = undefined; fileEncoding = 4; includeInIndex = 0; lastKnownFileType = sourcecode.c.h; name = CDVBattery.h; path = "cordova-plugin-battery-status/CDVBattery.h"; sourceTree = "<group>"; };
		0207DA571B56EA530066E2B4 /* Images.xcassets */ = {isa = PBXFileReference; lastKnownFileType = folder.assetcatalog; name = Images.xcassets; path = recipeApp/Images.xcassets; sourceTree = SOURCE_ROOT; };
		04A062F213AD4491A22F810E /* CoreTelephony.framework */ = {isa = PBXFileReference; explicitFileType = undefined; fileEncoding = 9; includeInIndex = 0; lastKnownFileType = wrapper.framework; name = CoreTelephony.framework; path = System/Library/Frameworks/CoreTelephony.framework; sourceTree = SDKROOT; };
		17E0948D8F694D75A02E7FD9 /* CDVAssetLibraryFilesystem.m */ = {isa = PBXFileReference; explicitFileType = undefined; fileEncoding = 4; includeInIndex = 0; lastKnownFileType = sourcecode.c.objc; name = CDVAssetLibraryFilesystem.m; path = "cordova-plugin-file/CDVAssetLibraryFilesystem.m"; sourceTree = "<group>"; };
		17EBA4EF06F849B1882DE5D6 /* CDVContacts.h */ = {isa = PBXFileReference; explicitFileType = undefined; fileEncoding = 4; includeInIndex = 0; lastKnownFileType = sourcecode.c.h; name = CDVContacts.h; path = "cordova-plugin-contacts/CDVContacts.h"; sourceTree = "<group>"; };
		1B5665C5580F49F1BEB3FFCE /* CoreLocation.framework */ = {isa = PBXFileReference; explicitFileType = undefined; fileEncoding = 9; includeInIndex = 0; lastKnownFileType = wrapper.framework; name = CoreLocation.framework; path = System/Library/Frameworks/CoreLocation.framework; sourceTree = SDKROOT; };
		1D3623240D0F684500981E51 /* AppDelegate.h */ = {isa = PBXFileReference; fileEncoding = 4; lastKnownFileType = sourcecode.c.h; path = AppDelegate.h; sourceTree = "<group>"; };
		1D3623250D0F684500981E51 /* AppDelegate.m */ = {isa = PBXFileReference; fileEncoding = 4; lastKnownFileType = sourcecode.c.objc; path = AppDelegate.m; sourceTree = "<group>"; };
		1D6058910D05DD3D006BFB54 /* recipeApp.app */ = {isa = PBXFileReference; explicitFileType = wrapper.application; includeInIndex = 0; path = recipeApp.app; sourceTree = BUILT_PRODUCTS_DIR; };
		2829F28068FE42AB94581020 /* CDVJpegHeaderWriter.h */ = {isa = PBXFileReference; explicitFileType = undefined; fileEncoding = 4; includeInIndex = 0; lastKnownFileType = sourcecode.c.h; name = CDVJpegHeaderWriter.h; path = "cordova-plugin-camera/CDVJpegHeaderWriter.h"; sourceTree = "<group>"; };
		29B97316FDCFA39411CA2CEA /* main.m */ = {isa = PBXFileReference; fileEncoding = 4; lastKnownFileType = sourcecode.c.objc; path = main.m; sourceTree = "<group>"; };
		2E3D26B749C741429821C07C /* CoreMotion.framework */ = {isa = PBXFileReference; explicitFileType = undefined; fileEncoding = 9; includeInIndex = 0; lastKnownFileType = wrapper.framework; name = CoreMotion.framework; path = System/Library/Frameworks/CoreMotion.framework; sourceTree = SDKROOT; };
		301BF52D109A57CC0062928A /* CordovaLib.xcodeproj */ = {isa = PBXFileReference; lastKnownFileType = "wrapper.pb-project"; name = CordovaLib.xcodeproj; path = CordovaLib/CordovaLib.xcodeproj; sourceTree = "<group>"; };
		301BF56E109A69640062928A /* www */ = {isa = PBXFileReference; lastKnownFileType = folder; path = www; sourceTree = SOURCE_ROOT; };
		302D95EE14D2391D003F00A1 /* MainViewController.h */ = {isa = PBXFileReference; fileEncoding = 4; lastKnownFileType = sourcecode.c.h; path = MainViewController.h; sourceTree = "<group>"; };
		302D95EF14D2391D003F00A1 /* MainViewController.m */ = {isa = PBXFileReference; fileEncoding = 4; lastKnownFileType = sourcecode.c.objc; path = MainViewController.m; sourceTree = "<group>"; };
		302D95F014D2391D003F00A1 /* MainViewController.xib */ = {isa = PBXFileReference; fileEncoding = 4; lastKnownFileType = file.xib; path = MainViewController.xib; sourceTree = "<group>"; };
		3047A50F1AB8059700498E2A /* build-debug.xcconfig */ = {isa = PBXFileReference; fileEncoding = 4; lastKnownFileType = text.xcconfig; name = "build-debug.xcconfig"; path = "cordova/build-debug.xcconfig"; sourceTree = SOURCE_ROOT; };
		3047A5101AB8059700498E2A /* build-release.xcconfig */ = {isa = PBXFileReference; fileEncoding = 4; lastKnownFileType = text.xcconfig; name = "build-release.xcconfig"; path = "cordova/build-release.xcconfig"; sourceTree = SOURCE_ROOT; };
		3047A5111AB8059700498E2A /* build.xcconfig */ = {isa = PBXFileReference; fileEncoding = 4; lastKnownFileType = text.xcconfig; name = build.xcconfig; path = cordova/build.xcconfig; sourceTree = SOURCE_ROOT; };
		32CA4F630368D1EE00C91783 /* recipeApp-Prefix.pch */ = {isa = PBXFileReference; fileEncoding = 4; lastKnownFileType = sourcecode.c.h; path = "recipeApp-Prefix.pch"; sourceTree = "<group>"; };
		3A26500B9AA7406787F28B87 /* CDVCapture.m */ = {isa = PBXFileReference; explicitFileType = undefined; fileEncoding = 4; includeInIndex = 0; lastKnownFileType = sourcecode.c.objc; name = CDVCapture.m; path = "cordova-plugin-media-capture/CDVCapture.m"; sourceTree = "<group>"; };
		473642A617E1401C8A60DFB2 /* CDVBattery.m */ = {isa = PBXFileReference; explicitFileType = undefined; fileEncoding = 4; includeInIndex = 0; lastKnownFileType = sourcecode.c.objc; name = CDVBattery.m; path = "cordova-plugin-battery-status/CDVBattery.m"; sourceTree = "<group>"; };
		4C58D0FAB1FB409DA3DE53C8 /* UIImage+CropScaleOrientation.m */ = {isa = PBXFileReference; explicitFileType = undefined; fileEncoding = 4; includeInIndex = 0; lastKnownFileType = sourcecode.c.objc; name = "UIImage+CropScaleOrientation.m"; path = "cordova-plugin-camera/UIImage+CropScaleOrientation.m"; sourceTree = "<group>"; };
		4CA670409E3A45FBB2C03DAD /* SystemConfiguration.framework */ = {isa = PBXFileReference; explicitFileType = undefined; fileEncoding = 9; includeInIndex = 0; lastKnownFileType = wrapper.framework; name = SystemConfiguration.framework; path = System/Library/Frameworks/SystemConfiguration.framework; sourceTree = SDKROOT; };
		527CD49A66334BDA9FF6FC8E /* CDVCapture.h */ = {isa = PBXFileReference; explicitFileType = undefined; fileEncoding = 4; includeInIndex = 0; lastKnownFileType = sourcecode.c.h; name = CDVCapture.h; path = "cordova-plugin-media-capture/CDVCapture.h"; sourceTree = "<group>"; };
		56D014BD47A344EB81C8BCEF /* CDVLocalFilesystem.m */ = {isa = PBXFileReference; explicitFileType = undefined; fileEncoding = 4; includeInIndex = 0; lastKnownFileType = sourcecode.c.objc; name = CDVLocalFilesystem.m; path = "cordova-plugin-file/CDVLocalFilesystem.m"; sourceTree = "<group>"; };
		577111081D8E4A889583FA37 /* CDVNotification.m */ = {isa = PBXFileReference; explicitFileType = undefined; fileEncoding = 4; includeInIndex = 0; lastKnownFileType = sourcecode.c.objc; name = CDVNotification.m; path = "cordova-plugin-dialogs/CDVNotification.m"; sourceTree = "<group>"; };
		59BD44E738334FACA4F589FF /* AudioToolbox.framework */ = {isa = PBXFileReference; explicitFileType = undefined; fileEncoding = 9; includeInIndex = 0; lastKnownFileType = wrapper.framework; name = AudioToolbox.framework; path = System/Library/Frameworks/AudioToolbox.framework; sourceTree = SDKROOT; };
		5BF82F2B83FF4F7C947177F6 /* CDVViewController+SplashScreen.h */ = {isa = PBXFileReference; explicitFileType = undefined; fileEncoding = 4; includeInIndex = 0; lastKnownFileType = sourcecode.c.h; name = "CDVViewController+SplashScreen.h"; path = "cordova-plugin-splashscreen/CDVViewController+SplashScreen.h"; sourceTree = "<group>"; };
		5C83C2CA7DF443B89EA9A291 /* CDVCamera.m */ = {isa = PBXFileReference; explicitFileType = undefined; fileEncoding = 4; includeInIndex = 0; lastKnownFileType = sourcecode.c.objc; name = CDVCamera.m; path = "cordova-plugin-camera/CDVCamera.m"; sourceTree = "<group>"; };
		5DC71E72D2BF4BFCB1973EC9 /* CDVReachability.h */ = {isa = PBXFileReference; explicitFileType = undefined; fileEncoding = 4; includeInIndex = 0; lastKnownFileType = sourcecode.c.h; name = CDVReachability.h; path = "cordova-plugin-network-information/CDVReachability.h"; sourceTree = "<group>"; };
		61B61B74994449D4884B0D19 /* UIImage+CropScaleOrientation.h */ = {isa = PBXFileReference; explicitFileType = undefined; fileEncoding = 4; includeInIndex = 0; lastKnownFileType = sourcecode.c.h; name = "UIImage+CropScaleOrientation.h"; path = "cordova-plugin-camera/UIImage+CropScaleOrientation.h"; sourceTree = "<group>"; };
		64CCA03646C24BCCB6488B13 /* CDVFileTransfer.h */ = {isa = PBXFileReference; explicitFileType = undefined; fileEncoding = 4; includeInIndex = 0; lastKnownFileType = sourcecode.c.h; name = CDVFileTransfer.h; path = "cordova-plugin-file-transfer/CDVFileTransfer.h"; sourceTree = "<group>"; };
		65E99E246324462D94D0E204 /* CDVContact.m */ = {isa = PBXFileReference; explicitFileType = undefined; fileEncoding = 4; includeInIndex = 0; lastKnownFileType = sourcecode.c.objc; name = CDVContact.m; path = "cordova-plugin-contacts/CDVContact.m"; sourceTree = "<group>"; };
		66B5CA411BFE400D8C83880E /* CDVLocation.m */ = {isa = PBXFileReference; explicitFileType = undefined; fileEncoding = 4; includeInIndex = 0; lastKnownFileType = sourcecode.c.objc; name = CDVLocation.m; path = "cordova-plugin-geolocation/CDVLocation.m"; sourceTree = "<group>"; };
		671900D1033945E88508A5B4 /* CDVCompass.h */ = {isa = PBXFileReference; explicitFileType = undefined; fileEncoding = 4; includeInIndex = 0; lastKnownFileType = sourcecode.c.h; name = CDVCompass.h; path = "cordova-plugin-device-orientation/CDVCompass.h"; sourceTree = "<group>"; };
		679B616FA1224DFD907F1BCF /* CDVConnection.m */ = {isa = PBXFileReference; explicitFileType = undefined; fileEncoding = 4; includeInIndex = 0; lastKnownFileType = sourcecode.c.objc; name = CDVConnection.m; path = "cordova-plugin-network-information/CDVConnection.m"; sourceTree = "<group>"; };
		689A5A7BBD5A4B1A802AFA84 /* CDVVibration.m */ = {isa = PBXFileReference; explicitFileType = undefined; fileEncoding = 4; includeInIndex = 0; lastKnownFileType = sourcecode.c.objc; name = CDVVibration.m; path = "cordova-plugin-vibration/CDVVibration.m"; sourceTree = "<group>"; };
		6AD85FDC27024B6E815676BC /* CDVCompass.m */ = {isa = PBXFileReference; explicitFileType = undefined; fileEncoding = 4; includeInIndex = 0; lastKnownFileType = sourcecode.c.objc; name = CDVCompass.m; path = "cordova-plugin-device-orientation/CDVCompass.m"; sourceTree = "<group>"; };
		6EB2B5F7B82840508F3475A5 /* CDVAccelerometer.m */ = {isa = PBXFileReference; explicitFileType = undefined; fileEncoding = 4; includeInIndex = 0; lastKnownFileType = sourcecode.c.objc; name = CDVAccelerometer.m; path = "cordova-plugin-device-motion/CDVAccelerometer.m"; sourceTree = "<group>"; };
		78FBC3EEEC994B21809A02C0 /* CDVConnection.h */ = {isa = PBXFileReference; explicitFileType = undefined; fileEncoding = 4; includeInIndex = 0; lastKnownFileType = sourcecode.c.h; name = CDVConnection.h; path = "cordova-plugin-network-information/CDVConnection.h"; sourceTree = "<group>"; };
		80DED623DE194268BA59945E /* CDVSplashScreen.m */ = {isa = PBXFileReference; explicitFileType = undefined; fileEncoding = 4; includeInIndex = 0; lastKnownFileType = sourcecode.c.objc; name = CDVSplashScreen.m; path = "cordova-plugin-splashscreen/CDVSplashScreen.m"; sourceTree = "<group>"; };
		81FDF95FC4BE4C93ABBBCB40 /* CDVInAppBrowser.h */ = {isa = PBXFileReference; explicitFileType = undefined; fileEncoding = 4; includeInIndex = 0; lastKnownFileType = sourcecode.c.h; name = CDVInAppBrowser.h; path = "cordova-plugin-inappbrowser/CDVInAppBrowser.h"; sourceTree = "<group>"; };
		855614C56BEA49B38C7F3871 /* CDVSound.h */ = {isa = PBXFileReference; explicitFileType = undefined; fileEncoding = 4; includeInIndex = 0; lastKnownFileType = sourcecode.c.h; name = CDVSound.h; path = "cordova-plugin-media/CDVSound.h"; sourceTree = "<group>"; };
		8B2202AC1BBB40AEAD91995D /* CDVViewController+SplashScreen.m */ = {isa = PBXFileReference; explicitFileType = undefined; fileEncoding = 4; includeInIndex = 0; lastKnownFileType = sourcecode.c.objc; name = "CDVViewController+SplashScreen.m"; path = "cordova-plugin-splashscreen/CDVViewController+SplashScreen.m"; sourceTree = "<group>"; };
		8D1107310486CEB800E47090 /* recipeApp-Info.plist */ = {isa = PBXFileReference; fileEncoding = 4; lastKnownFileType = text.plist.xml; name = "recipeApp-Info.plist"; path = "recipeApp/recipeApp-Info.plist"; plistStructureDefinitionIdentifier = "com.apple.xcode.plist.structure-definition.iphone.info-plist"; sourceTree = SOURCE_ROOT; };
		984DD621115C4F7B80CDB89F /* CDVCamera.h */ = {isa = PBXFileReference; explicitFileType = undefined; fileEncoding = 4; includeInIndex = 0; lastKnownFileType = sourcecode.c.h; name = CDVCamera.h; path = "cordova-plugin-camera/CDVCamera.h"; sourceTree = "<group>"; };
		99524A7A3AF34A0EBA33B2A7 /* CDVGlobalization.h */ = {isa = PBXFileReference; explicitFileType = undefined; fileEncoding = 4; includeInIndex = 0; lastKnownFileType = sourcecode.c.h; name = CDVGlobalization.h; path = "cordova-plugin-globalization/CDVGlobalization.h"; sourceTree = "<group>"; };
		9CCD30C65BFE4C1DB30BC7AE /* AVFoundation.framework */ = {isa = PBXFileReference; explicitFileType = undefined; fileEncoding = 9; includeInIndex = 0; lastKnownFileType = wrapper.framework; name = AVFoundation.framework; path = System/Library/Frameworks/AVFoundation.framework; sourceTree = SDKROOT; };
		9E74C07220374C278F157DC8 /* CDVGlobalization.m */ = {isa = PBXFileReference; explicitFileType = undefined; fileEncoding = 4; includeInIndex = 0; lastKnownFileType = sourcecode.c.objc; name = CDVGlobalization.m; path = "cordova-plugin-globalization/CDVGlobalization.m"; sourceTree = "<group>"; };
		AA16786DB6B84558A0E7F74D /* CDVAccelerometer.h */ = {isa = PBXFileReference; explicitFileType = undefined; fileEncoding = 4; includeInIndex = 0; lastKnownFileType = sourcecode.c.h; name = CDVAccelerometer.h; path = "cordova-plugin-device-motion/CDVAccelerometer.h"; sourceTree = "<group>"; };
		B5285B097EDF4428B80A2958 /* CDVAssetLibraryFilesystem.h */ = {isa = PBXFileReference; explicitFileType = undefined; fileEncoding = 4; includeInIndex = 0; lastKnownFileType = sourcecode.c.h; name = CDVAssetLibraryFilesystem.h; path = "cordova-plugin-file/CDVAssetLibraryFilesystem.h"; sourceTree = "<group>"; };
		B6C50AFB5A1641929F9F61D9 /* CDVJpegHeaderWriter.m */ = {isa = PBXFileReference; explicitFileType = undefined; fileEncoding = 4; includeInIndex = 0; lastKnownFileType = sourcecode.c.objc; name = CDVJpegHeaderWriter.m; path = "cordova-plugin-camera/CDVJpegHeaderWriter.m"; sourceTree = "<group>"; };
		BABAF1457BCC4796B307FE35 /* CDVLogger.h */ = {isa = PBXFileReference; explicitFileType = undefined; fileEncoding = 4; includeInIndex = 0; lastKnownFileType = sourcecode.c.h; name = CDVLogger.h; path = "cordova-plugin-console/CDVLogger.h"; sourceTree = "<group>"; };
		BD3DD786197F4D8698DF4608 /* CDVStatusBar.m */ = {isa = PBXFileReference; explicitFileType = undefined; fileEncoding = 4; includeInIndex = 0; lastKnownFileType = sourcecode.c.objc; name = CDVStatusBar.m; path = "cordova-plugin-statusbar/CDVStatusBar.m"; sourceTree = "<group>"; };
		BE82D952038641DF98255755 /* CDVFile.h */ = {isa = PBXFileReference; explicitFileType = undefined; fileEncoding = 4; includeInIndex = 0; lastKnownFileType = sourcecode.c.h; name = CDVFile.h; path = "cordova-plugin-file/CDVFile.h"; sourceTree = "<group>"; };
		C0530DC675AD4F64B9CAE83B /* CDVFileTransfer.m */ = {isa = PBXFileReference; explicitFileType = undefined; fileEncoding = 4; includeInIndex = 0; lastKnownFileType = sourcecode.c.objc; name = CDVFileTransfer.m; path = "cordova-plugin-file-transfer/CDVFileTransfer.m"; sourceTree = "<group>"; };
		C8C3E42D5D4A4219A12F1D2C /* CDVExif.h */ = {isa = PBXFileReference; explicitFileType = undefined; fileEncoding = 4; includeInIndex = 0; lastKnownFileType = sourcecode.c.h; name = CDVExif.h; path = "cordova-plugin-camera/CDVExif.h"; sourceTree = "<group>"; };
		CEEDB5BE33AF498CAAAB3523 /* CDVContact.h */ = {isa = PBXFileReference; explicitFileType = undefined; fileEncoding = 4; includeInIndex = 0; lastKnownFileType = sourcecode.c.h; name = CDVContact.h; path = "cordova-plugin-contacts/CDVContact.h"; sourceTree = "<group>"; };
		D27676C36F044ACEA58EB476 /* CDVDevice.m */ = {isa = PBXFileReference; explicitFileType = undefined; fileEncoding = 4; includeInIndex = 0; lastKnownFileType = sourcecode.c.objc; name = CDVDevice.m; path = "cordova-plugin-device/CDVDevice.m"; sourceTree = "<group>"; };
		D313DEA1A6BF4CC99A515BDC /* CDVNotification.bundle */ = {isa = PBXFileReference; explicitFileType = undefined; fileEncoding = 9; includeInIndex = 0; lastKnownFileType = "wrapper.plug-in"; path = CDVNotification.bundle; sourceTree = "<group>"; };
		D5FCA494B1774904BB80F72C /* CDVNotification.h */ = {isa = PBXFileReference; explicitFileType = undefined; fileEncoding = 4; includeInIndex = 0; lastKnownFileType = sourcecode.c.h; name = CDVNotification.h; path = "cordova-plugin-dialogs/CDVNotification.h"; sourceTree = "<group>"; };
		D812945C5F6C41D8A5BFA5B3 /* CDVLocation.h */ = {isa = PBXFileReference; explicitFileType = undefined; fileEncoding = 4; includeInIndex = 0; lastKnownFileType = sourcecode.c.h; name = CDVLocation.h; path = "cordova-plugin-geolocation/CDVLocation.h"; sourceTree = "<group>"; };
		DBEFE8E79B6443D39549123D /* CDVReachability.m */ = {isa = PBXFileReference; explicitFileType = undefined; fileEncoding = 4; includeInIndex = 0; lastKnownFileType = sourcecode.c.objc; name = CDVReachability.m; path = "cordova-plugin-network-information/CDVReachability.m"; sourceTree = "<group>"; };
		E01F7B59B6224B46A71D09F9 /* CDVLogger.m */ = {isa = PBXFileReference; explicitFileType = undefined; fileEncoding = 4; includeInIndex = 0; lastKnownFileType = sourcecode.c.objc; name = CDVLogger.m; path = "cordova-plugin-console/CDVLogger.m"; sourceTree = "<group>"; };
		E3F00BFA8FCF45A98451A558 /* CDVVibration.h */ = {isa = PBXFileReference; explicitFileType = undefined; fileEncoding = 4; includeInIndex = 0; lastKnownFileType = sourcecode.c.h; name = CDVVibration.h; path = "cordova-plugin-vibration/CDVVibration.h"; sourceTree = "<group>"; };
		E489C728F2224404A9B99575 /* CDVLocalFilesystem.h */ = {isa = PBXFileReference; explicitFileType = undefined; fileEncoding = 4; includeInIndex = 0; lastKnownFileType = sourcecode.c.h; name = CDVLocalFilesystem.h; path = "cordova-plugin-file/CDVLocalFilesystem.h"; sourceTree = "<group>"; };
		EAEBBDA655C0497DA6D6F297 /* CDVInAppBrowser.m */ = {isa = PBXFileReference; explicitFileType = undefined; fileEncoding = 4; includeInIndex = 0; lastKnownFileType = sourcecode.c.objc; name = CDVInAppBrowser.m; path = "cordova-plugin-inappbrowser/CDVInAppBrowser.m"; sourceTree = "<group>"; };
		EB54DB392465487BB0FB77AA /* CDVContacts.m */ = {isa = PBXFileReference; explicitFileType = undefined; fileEncoding = 4; includeInIndex = 0; lastKnownFileType = sourcecode.c.objc; name = CDVContacts.m; path = "cordova-plugin-contacts/CDVContacts.m"; sourceTree = "<group>"; };
		EB87FDF31871DA8E0020F90C /* www */ = {isa = PBXFileReference; lastKnownFileType = folder; name = www; path = ../../www; sourceTree = "<group>"; };
		EB87FDF41871DAF40020F90C /* config.xml */ = {isa = PBXFileReference; lastKnownFileType = text.xml; name = config.xml; path = ../../config.xml; sourceTree = "<group>"; };
		ED33DF2A687741AEAF9F8254 /* Bridging-Header.h */ = {isa = PBXFileReference; fileEncoding = 4; lastKnownFileType = sourcecode.c.h; path = "Bridging-Header.h"; sourceTree = "<group>"; };
		ED8BF55CF857453D8A0A5589 /* CDVSound.m */ = {isa = PBXFileReference; explicitFileType = undefined; fileEncoding = 4; includeInIndex = 0; lastKnownFileType = sourcecode.c.objc; name = CDVSound.m; path = "cordova-plugin-media/CDVSound.m"; sourceTree = "<group>"; };
		EDCAC89B42DA4CCEBF372FFC /* ImageIO.framework */ = {isa = PBXFileReference; explicitFileType = undefined; fileEncoding = 9; includeInIndex = 0; lastKnownFileType = wrapper.framework; name = ImageIO.framework; path = System/Library/Frameworks/ImageIO.framework; sourceTree = SDKROOT; };
		EDE033A6C8634615887E3B54 /* AddressBookUI.framework */ = {isa = PBXFileReference; explicitFileType = undefined; fileEncoding = 9; includeInIndex = 0; lastKnownFileType = wrapper.framework; name = AddressBookUI.framework; path = System/Library/Frameworks/AddressBookUI.framework; sourceTree = SDKROOT; };
		F032B438CB1049D58290A701 /* CDVDevice.h */ = {isa = PBXFileReference; explicitFileType = undefined; fileEncoding = 4; includeInIndex = 0; lastKnownFileType = sourcecode.c.h; name = CDVDevice.h; path = "cordova-plugin-device/CDVDevice.h"; sourceTree = "<group>"; };
		F2245A8ED03F4887B18D5ADC /* CDVFile.m */ = {isa = PBXFileReference; explicitFileType = undefined; fileEncoding = 4; includeInIndex = 0; lastKnownFileType = sourcecode.c.objc; name = CDVFile.m; path = "cordova-plugin-file/CDVFile.m"; sourceTree = "<group>"; };
		F3013F009F4A4CD2B4C03A69 /* AddressBook.framework */ = {isa = PBXFileReference; explicitFileType = undefined; fileEncoding = 9; includeInIndex = 0; lastKnownFileType = wrapper.framework; name = AddressBook.framework; path = System/Library/Frameworks/AddressBook.framework; sourceTree = SDKROOT; };
		F59C7AA9BE6741B394CE0009 /* CDVCapture.bundle */ = {isa = PBXFileReference; explicitFileType = undefined; fileEncoding = 9; includeInIndex = 0; lastKnownFileType = "wrapper.plug-in"; path = CDVCapture.bundle; sourceTree = "<group>"; };
		F840E1F0165FE0F500CFE078 /* config.xml */ = {isa = PBXFileReference; lastKnownFileType = text.xml; name = config.xml; path = recipeApp/config.xml; sourceTree = "<group>"; };
		FDA520A8B83448A38C94DD9A /* CDVSplashScreen.h */ = {isa = PBXFileReference; explicitFileType = undefined; fileEncoding = 4; includeInIndex = 0; lastKnownFileType = sourcecode.c.h; name = CDVSplashScreen.h; path = "cordova-plugin-splashscreen/CDVSplashScreen.h"; sourceTree = "<group>"; };
		FE3BBE591F4445EFBF7FCFF6 /* CDVStatusBar.h */ = {isa = PBXFileReference; explicitFileType = undefined; fileEncoding = 4; includeInIndex = 0; lastKnownFileType = sourcecode.c.h; name = CDVStatusBar.h; path = "cordova-plugin-statusbar/CDVStatusBar.h"; sourceTree = "<group>"; };
/* End PBXFileReference section */

/* Begin PBXFrameworksBuildPhase section */
		1D60588F0D05DD3D006BFB54 /* Frameworks */ = {
			isa = PBXFrameworksBuildPhase;
			buildActionMask = 2147483647;
			files = (
				301BF552109A68D80062928A /* libCordova.a in Frameworks */,
				217ABB5206E241629A4E565E /* ImageIO.framework in Frameworks */,
				04155CD4FEB442FE87BB6A35 /* CoreLocation.framework in Frameworks */,
				663427DC6561496784267B4A /* AVFoundation.framework in Frameworks */,
				CCFDB1FF9E464120927FB4F5 /* AddressBook.framework in Frameworks */,
				AE3A037D067943B4BA120CD8 /* AddressBookUI.framework in Frameworks */,
				5E1A9272C54C4BFE9EEDE2CE /* CoreMotion.framework in Frameworks */,
				E5935808F90640519E84A8DE /* AudioToolbox.framework in Frameworks */,
				80E4B3CDCB404E14904C0ACC /* SystemConfiguration.framework in Frameworks */,
				E1711BA4DB624B869566820A /* CoreTelephony.framework in Frameworks */,
			);
			runOnlyForDeploymentPostprocessing = 0;
		};
/* End PBXFrameworksBuildPhase section */

/* Begin PBXGroup section */
		080E96DDFE201D6D7F000001 /* Classes */ = {
			isa = PBXGroup;
			children = (
				302D95EE14D2391D003F00A1 /* MainViewController.h */,
				302D95EF14D2391D003F00A1 /* MainViewController.m */,
				302D95F014D2391D003F00A1 /* MainViewController.xib */,
				1D3623240D0F684500981E51 /* AppDelegate.h */,
				1D3623250D0F684500981E51 /* AppDelegate.m */,
			);
			name = Classes;
			path = recipeApp/Classes;
			sourceTree = SOURCE_ROOT;
		};
		19C28FACFE9D520D11CA2CBB /* Products */ = {
			isa = PBXGroup;
			children = (
				1D6058910D05DD3D006BFB54 /* recipeApp.app */,
			);
			name = Products;
			sourceTree = "<group>";
		};
		29B97314FDCFA39411CA2CEA /* CustomTemplate */ = {
			isa = PBXGroup;
			children = (
				EB87FDF41871DAF40020F90C /* config.xml */,
				EB87FDF31871DA8E0020F90C /* www */,
				EB87FDF11871DA420020F90C /* Staging */,
				301BF52D109A57CC0062928A /* CordovaLib.xcodeproj */,
				080E96DDFE201D6D7F000001 /* Classes */,
				307C750510C5A3420062BCA9 /* Plugins */,
				29B97315FDCFA39411CA2CEA /* Other Sources */,
				29B97317FDCFA39411CA2CEA /* Resources */,
				29B97323FDCFA39411CA2CEA /* Frameworks */,
				19C28FACFE9D520D11CA2CBB /* Products */,
			);
			name = CustomTemplate;
			sourceTree = "<group>";
		};
		29B97315FDCFA39411CA2CEA /* Other Sources */ = {
			isa = PBXGroup;
			children = (
				32CA4F630368D1EE00C91783 /* recipeApp-Prefix.pch */,
				29B97316FDCFA39411CA2CEA /* main.m */,
				ED33DF2A687741AEAF9F8254 /* Bridging-Header.h */,
			);
			name = "Other Sources";
			path = recipeApp;
			sourceTree = "<group>";
		};
		29B97317FDCFA39411CA2CEA /* Resources */ = {
			isa = PBXGroup;
			children = (
				0207DA571B56EA530066E2B4 /* Images.xcassets */,
				3047A50E1AB8057F00498E2A /* config */,
				8D1107310486CEB800E47090 /* recipeApp-Info.plist */,
				F59C7AA9BE6741B394CE0009 /* CDVCapture.bundle */,
				D313DEA1A6BF4CC99A515BDC /* CDVNotification.bundle */,
			);
			name = Resources;
			path = recipeApp/Resources;
			sourceTree = "<group>";
		};
		29B97323FDCFA39411CA2CEA /* Frameworks */ = {
			isa = PBXGroup;
			children = (
				EDCAC89B42DA4CCEBF372FFC /* ImageIO.framework */,
				1B5665C5580F49F1BEB3FFCE /* CoreLocation.framework */,
				9CCD30C65BFE4C1DB30BC7AE /* AVFoundation.framework */,
				F3013F009F4A4CD2B4C03A69 /* AddressBook.framework */,
				EDE033A6C8634615887E3B54 /* AddressBookUI.framework */,
				2E3D26B749C741429821C07C /* CoreMotion.framework */,
				59BD44E738334FACA4F589FF /* AudioToolbox.framework */,
				4CA670409E3A45FBB2C03DAD /* SystemConfiguration.framework */,
				04A062F213AD4491A22F810E /* CoreTelephony.framework */,
			);
			name = Frameworks;
			sourceTree = "<group>";
		};
		301BF52E109A57CC0062928A /* Products */ = {
			isa = PBXGroup;
			children = (
				301BF535109A57CC0062928A /* libCordova.a */,
			);
			name = Products;
			sourceTree = "<group>";
		};
		3047A50E1AB8057F00498E2A /* config */ = {
			isa = PBXGroup;
			children = (
				3047A50F1AB8059700498E2A /* build-debug.xcconfig */,
				3047A5101AB8059700498E2A /* build-release.xcconfig */,
				3047A5111AB8059700498E2A /* build.xcconfig */,
			);
			name = config;
			sourceTree = "<group>";
		};
		307C750510C5A3420062BCA9 /* Plugins */ = {
			isa = PBXGroup;
			children = (
				473642A617E1401C8A60DFB2 /* CDVBattery.m */,
				0160954CF33B4DEFB664EB25 /* CDVBattery.h */,
				4C58D0FAB1FB409DA3DE53C8 /* UIImage+CropScaleOrientation.m */,
				5C83C2CA7DF443B89EA9A291 /* CDVCamera.m */,
				B6C50AFB5A1641929F9F61D9 /* CDVJpegHeaderWriter.m */,
				61B61B74994449D4884B0D19 /* UIImage+CropScaleOrientation.h */,
				984DD621115C4F7B80CDB89F /* CDVCamera.h */,
				2829F28068FE42AB94581020 /* CDVJpegHeaderWriter.h */,
				C8C3E42D5D4A4219A12F1D2C /* CDVExif.h */,
				F2245A8ED03F4887B18D5ADC /* CDVFile.m */,
				56D014BD47A344EB81C8BCEF /* CDVLocalFilesystem.m */,
				17E0948D8F694D75A02E7FD9 /* CDVAssetLibraryFilesystem.m */,
				BE82D952038641DF98255755 /* CDVFile.h */,
				E489C728F2224404A9B99575 /* CDVLocalFilesystem.h */,
				B5285B097EDF4428B80A2958 /* CDVAssetLibraryFilesystem.h */,
				3A26500B9AA7406787F28B87 /* CDVCapture.m */,
				527CD49A66334BDA9FF6FC8E /* CDVCapture.h */,
				E01F7B59B6224B46A71D09F9 /* CDVLogger.m */,
				BABAF1457BCC4796B307FE35 /* CDVLogger.h */,
				EB54DB392465487BB0FB77AA /* CDVContacts.m */,
				65E99E246324462D94D0E204 /* CDVContact.m */,
				17EBA4EF06F849B1882DE5D6 /* CDVContacts.h */,
				CEEDB5BE33AF498CAAAB3523 /* CDVContact.h */,
				D27676C36F044ACEA58EB476 /* CDVDevice.m */,
				F032B438CB1049D58290A701 /* CDVDevice.h */,
				6EB2B5F7B82840508F3475A5 /* CDVAccelerometer.m */,
				AA16786DB6B84558A0E7F74D /* CDVAccelerometer.h */,
				6AD85FDC27024B6E815676BC /* CDVCompass.m */,
				671900D1033945E88508A5B4 /* CDVCompass.h */,
				577111081D8E4A889583FA37 /* CDVNotification.m */,
				D5FCA494B1774904BB80F72C /* CDVNotification.h */,
				C0530DC675AD4F64B9CAE83B /* CDVFileTransfer.m */,
				64CCA03646C24BCCB6488B13 /* CDVFileTransfer.h */,
				66B5CA411BFE400D8C83880E /* CDVLocation.m */,
				D812945C5F6C41D8A5BFA5B3 /* CDVLocation.h */,
				9E74C07220374C278F157DC8 /* CDVGlobalization.m */,
				99524A7A3AF34A0EBA33B2A7 /* CDVGlobalization.h */,
				EAEBBDA655C0497DA6D6F297 /* CDVInAppBrowser.m */,
				81FDF95FC4BE4C93ABBBCB40 /* CDVInAppBrowser.h */,
				ED8BF55CF857453D8A0A5589 /* CDVSound.m */,
				855614C56BEA49B38C7F3871 /* CDVSound.h */,
				679B616FA1224DFD907F1BCF /* CDVConnection.m */,
				DBEFE8E79B6443D39549123D /* CDVReachability.m */,
				78FBC3EEEC994B21809A02C0 /* CDVConnection.h */,
				5DC71E72D2BF4BFCB1973EC9 /* CDVReachability.h */,
				80DED623DE194268BA59945E /* CDVSplashScreen.m */,
				8B2202AC1BBB40AEAD91995D /* CDVViewController+SplashScreen.m */,
				FDA520A8B83448A38C94DD9A /* CDVSplashScreen.h */,
				5BF82F2B83FF4F7C947177F6 /* CDVViewController+SplashScreen.h */,
				BD3DD786197F4D8698DF4608 /* CDVStatusBar.m */,
				FE3BBE591F4445EFBF7FCFF6 /* CDVStatusBar.h */,
				689A5A7BBD5A4B1A802AFA84 /* CDVVibration.m */,
				E3F00BFA8FCF45A98451A558 /* CDVVibration.h */,
			);
			name = Plugins;
			path = recipeApp/Plugins;
			sourceTree = SOURCE_ROOT;
		};
		EB87FDF11871DA420020F90C /* Staging */ = {
			isa = PBXGroup;
			children = (
				F840E1F0165FE0F500CFE078 /* config.xml */,
				301BF56E109A69640062928A /* www */,
			);
			name = Staging;
			sourceTree = "<group>";
		};
/* End PBXGroup section */

/* Begin PBXNativeTarget section */
		1D6058900D05DD3D006BFB54 /* recipeApp */ = {
			isa = PBXNativeTarget;
			buildConfigurationList = 1D6058960D05DD3E006BFB54 /* Build configuration list for PBXNativeTarget "recipeApp" */;
			buildPhases = (
				304B58A110DAC018002A0835 /* Copy www directory */,
				1D60588D0D05DD3D006BFB54 /* Resources */,
				1D60588E0D05DD3D006BFB54 /* Sources */,
				1D60588F0D05DD3D006BFB54 /* Frameworks */,
			);
			buildRules = (
			);
			dependencies = (
				301BF551109A68C00062928A /* PBXTargetDependency */,
			);
			name = recipeApp;
			productName = recipeApp;
			productReference = 1D6058910D05DD3D006BFB54 /* recipeApp.app */;
			productType = "com.apple.product-type.application";
		};
/* End PBXNativeTarget section */

/* Begin PBXProject section */
		29B97313FDCFA39411CA2CEA /* Project object */ = {
			isa = PBXProject;
			attributes = {
				LastUpgradeCheck = 510;
				TargetAttributes = {
					1D6058900D05DD3D006BFB54 = {
						DevelopmentTeam = HP9U5PZR6F;
					};
				};
			};
			buildConfigurationList = C01FCF4E08A954540054247B /* Build configuration list for PBXProject "recipeApp" */;
			compatibilityVersion = "Xcode 3.2";
			developmentRegion = English;
			hasScannedForEncodings = 1;
			knownRegions = (
				en,
			);
			mainGroup = 29B97314FDCFA39411CA2CEA /* CustomTemplate */;
			projectDirPath = "";
			projectReferences = (
				{
					ProductGroup = 301BF52E109A57CC0062928A /* Products */;
					ProjectRef = 301BF52D109A57CC0062928A /* CordovaLib.xcodeproj */;
				},
			);
			projectRoot = "";
			targets = (
				1D6058900D05DD3D006BFB54 /* recipeApp */,
			);
		};
/* End PBXProject section */

/* Begin PBXReferenceProxy section */
		301BF535109A57CC0062928A /* libCordova.a */ = {
			isa = PBXReferenceProxy;
			fileType = archive.ar;
			path = libCordova.a;
			remoteRef = 301BF534109A57CC0062928A /* PBXContainerItemProxy */;
			sourceTree = BUILT_PRODUCTS_DIR;
		};
/* End PBXReferenceProxy section */

/* Begin PBXResourcesBuildPhase section */
		1D60588D0D05DD3D006BFB54 /* Resources */ = {
			isa = PBXResourcesBuildPhase;
			buildActionMask = 2147483647;
			files = (
				302D95F214D2391D003F00A1 /* MainViewController.xib in Resources */,
				3047A5131AB8059700498E2A /* build-release.xcconfig in Resources */,
				3047A5141AB8059700498E2A /* build.xcconfig in Resources */,
				0207DA581B56EA530066E2B4 /* Images.xcassets in Resources */,
				3047A5121AB8059700498E2A /* build-debug.xcconfig in Resources */,
				678E1AD79EDC400395C1DFE9 /* CDVCapture.bundle in Resources */,
				04A2B4F2E1D946FE852D0CB8 /* CDVNotification.bundle in Resources */,
			);
			runOnlyForDeploymentPostprocessing = 0;
		};
/* End PBXResourcesBuildPhase section */

/* Begin PBXShellScriptBuildPhase section */
		304B58A110DAC018002A0835 /* Copy www directory */ = {
			isa = PBXShellScriptBuildPhase;
			buildActionMask = 2147483647;
			files = (
			);
			inputPaths = (
			);
			name = "Copy www directory";
			outputPaths = (
			);
			runOnlyForDeploymentPostprocessing = 0;
			shellPath = /bin/sh;
			shellScript = "NODEJS_PATH=/usr/local/bin; NVM_NODE_PATH=~/.nvm/versions/node/`nvm version 2>/dev/null`/bin; N_NODE_PATH=`find /usr/local/n/versions/node/* -maxdepth 0 -type d 2>/dev/null | tail -1`/bin; XCODE_NODE_PATH=`xcode-select --print-path`/usr/share/xcs/Node/bin; PATH=$NODEJS_PATH:$NVM_NODE_PATH:$N_NODE_PATH:$XCODE_NODE_PATH:$PATH && node cordova/lib/copy-www-build-step.js";
			showEnvVarsInLog = 0;
		};
/* End PBXShellScriptBuildPhase section */

/* Begin PBXSourcesBuildPhase section */
		1D60588E0D05DD3D006BFB54 /* Sources */ = {
			isa = PBXSourcesBuildPhase;
			buildActionMask = 2147483647;
			files = (
				1D60589B0D05DD56006BFB54 /* main.m in Sources */,
				1D3623260D0F684500981E51 /* AppDelegate.m in Sources */,
				302D95F114D2391D003F00A1 /* MainViewController.m in Sources */,
				5250D831FF7245FC9F747473 /* CDVBattery.m in Sources */,
				FEDF88A50698404A8898F985 /* UIImage+CropScaleOrientation.m in Sources */,
				0BD9C0F5547C43AE81C03A90 /* CDVCamera.m in Sources */,
				74DB9A5768EA403EAF4224AD /* CDVJpegHeaderWriter.m in Sources */,
				58618E62D41B47BDB6109F5A /* CDVFile.m in Sources */,
				6371DF9C40EB4A84BB8D6F14 /* CDVLocalFilesystem.m in Sources */,
				F6C425E113E14A18B7ADF006 /* CDVAssetLibraryFilesystem.m in Sources */,
				32B7E20F414040498127A5D6 /* CDVCapture.m in Sources */,
				917FCAAFDBDB4A748C22A02B /* CDVLogger.m in Sources */,
				806EDDDF62C04186B3EF54A2 /* CDVContacts.m in Sources */,
				78009112F9F940FEB552D756 /* CDVContact.m in Sources */,
				315C6739FCCA4C7596D93904 /* CDVDevice.m in Sources */,
				BE15CA464F6C43419DF02B5C /* CDVAccelerometer.m in Sources */,
				49FD8A5755B54283BF3DB13F /* CDVCompass.m in Sources */,
				6DB6954A7C3A474CA5D0964D /* CDVNotification.m in Sources */,
				E208C02617D64A45AA80C2AB /* CDVFileTransfer.m in Sources */,
				B1B38000CF7B433B9A76B4B6 /* CDVLocation.m in Sources */,
				E915EFC85BDE4086BC21F0FD /* CDVGlobalization.m in Sources */,
				165299E325C8418DA6106925 /* CDVInAppBrowser.m in Sources */,
				CFE929788E8E4628A1BE350B /* CDVSound.m in Sources */,
				D8FA78D402114615BA36A674 /* CDVConnection.m in Sources */,
				F83FEB6D2CE64F799E790064 /* CDVReachability.m in Sources */,
				F902B40F1075495EBFF4263D /* CDVSplashScreen.m in Sources */,
				A175D06B51AB44F6A93FB147 /* CDVViewController+SplashScreen.m in Sources */,
				2333D87CA2264E45B8204CD8 /* CDVStatusBar.m in Sources */,
				47C96AB456804BBBB0291C24 /* CDVVibration.m in Sources */,
			);
			runOnlyForDeploymentPostprocessing = 0;
		};
/* End PBXSourcesBuildPhase section */

/* Begin PBXTargetDependency section */
		301BF551109A68C00062928A /* PBXTargetDependency */ = {
			isa = PBXTargetDependency;
			name = CordovaLib;
			targetProxy = 301BF550109A68C00062928A /* PBXContainerItemProxy */;
		};
/* End PBXTargetDependency section */

/* Begin XCBuildConfiguration section */
		1D6058940D05DD3E006BFB54 /* Debug */ = {
			isa = XCBuildConfiguration;
			baseConfigurationReference = 3047A50F1AB8059700498E2A /* build-debug.xcconfig */;
			buildSettings = {
				ALWAYS_SEARCH_USER_PATHS = NO;
				ASSETCATALOG_COMPILER_APPICON_NAME = AppIcon;
				ASSETCATALOG_COMPILER_LAUNCHIMAGE_NAME = LaunchImage;
				CLANG_ENABLE_MODULES = YES;
				CLANG_ENABLE_OBJC_ARC = YES;
				CODE_SIGN_IDENTITY = "iPhone Developer";
				COPY_PHASE_STRIP = NO;
				GCC_DYNAMIC_NO_PIC = NO;
				GCC_OPTIMIZATION_LEVEL = 0;
				GCC_PRECOMPILE_PREFIX_HEADER = YES;
				GCC_PREFIX_HEADER = "recipeApp/recipeApp-Prefix.pch";
				GCC_THUMB_SUPPORT = NO;
				GCC_VERSION = "";
				INFOPLIST_FILE = "recipeApp/recipeApp-Info.plist";
				LD_RUNPATH_SEARCH_PATHS = "@executable_path/Frameworks";
				PRODUCT_NAME = recipeApp;
			};
			name = Debug;
		};
		1D6058950D05DD3E006BFB54 /* Release */ = {
			isa = XCBuildConfiguration;
			baseConfigurationReference = 3047A5101AB8059700498E2A /* build-release.xcconfig */;
			buildSettings = {
				ALWAYS_SEARCH_USER_PATHS = NO;
				ASSETCATALOG_COMPILER_APPICON_NAME = AppIcon;
				ASSETCATALOG_COMPILER_LAUNCHIMAGE_NAME = LaunchImage;
				CLANG_ENABLE_MODULES = YES;
				CLANG_ENABLE_OBJC_ARC = YES;
				CODE_SIGN_IDENTITY = "iPhone Developer";
				COPY_PHASE_STRIP = YES;
				GCC_PRECOMPILE_PREFIX_HEADER = YES;
				GCC_PREFIX_HEADER = "recipeApp/recipeApp-Prefix.pch";
				GCC_THUMB_SUPPORT = NO;
				GCC_VERSION = "";
				INFOPLIST_FILE = "recipeApp/recipeApp-Info.plist";
				PRODUCT_NAME = recipeApp;
			};
			name = Release;
		};
		C01FCF4F08A954540054247B /* Debug */ = {
			isa = XCBuildConfiguration;
			baseConfigurationReference = 3047A5111AB8059700498E2A /* build.xcconfig */;
			buildSettings = {
				CLANG_ENABLE_MODULES = YES;
				CLANG_ENABLE_OBJC_ARC = YES;
				CLANG_WARN_BOOL_CONVERSION = YES;
				CLANG_WARN_CONSTANT_CONVERSION = YES;
				CLANG_WARN_EMPTY_BODY = YES;
				CLANG_WARN_ENUM_CONVERSION = YES;
				CLANG_WARN_INT_CONVERSION = YES;
				CLANG_WARN__DUPLICATE_METHOD_MATCH = YES;
				GCC_C_LANGUAGE_STANDARD = c99;
				GCC_THUMB_SUPPORT = NO;
				GCC_VERSION = "";
				GCC_WARN_ABOUT_RETURN_TYPE = YES;
				GCC_WARN_UNDECLARED_SELECTOR = YES;
				GCC_WARN_UNINITIALIZED_AUTOS = YES;
				GCC_WARN_UNUSED_FUNCTION = YES;
				GCC_WARN_UNUSED_VARIABLE = YES;
				ONLY_ACTIVE_ARCH = YES;
				SDKROOT = iphoneos;
				SKIP_INSTALL = NO;
			};
			name = Debug;
		};
		C01FCF5008A954540054247B /* Release */ = {
			isa = XCBuildConfiguration;
			baseConfigurationReference = 3047A5111AB8059700498E2A /* build.xcconfig */;
			buildSettings = {
				CLANG_ENABLE_MODULES = YES;
				CLANG_ENABLE_OBJC_ARC = YES;
				CLANG_WARN_BOOL_CONVERSION = YES;
				CLANG_WARN_CONSTANT_CONVERSION = YES;
				CLANG_WARN_EMPTY_BODY = YES;
				CLANG_WARN_ENUM_CONVERSION = YES;
				CLANG_WARN_INT_CONVERSION = YES;
				CLANG_WARN__DUPLICATE_METHOD_MATCH = YES;
				GCC_C_LANGUAGE_STANDARD = c99;
				GCC_THUMB_SUPPORT = NO;
				GCC_VERSION = "";
				GCC_WARN_ABOUT_RETURN_TYPE = YES;
				GCC_WARN_UNDECLARED_SELECTOR = YES;
				GCC_WARN_UNINITIALIZED_AUTOS = YES;
				GCC_WARN_UNUSED_FUNCTION = YES;
				GCC_WARN_UNUSED_VARIABLE = YES;
				SDKROOT = iphoneos;
				SKIP_INSTALL = NO;
			};
			name = Release;
		};
/* End XCBuildConfiguration section */

/* Begin XCConfigurationList section */
		1D6058960D05DD3E006BFB54 /* Build configuration list for PBXNativeTarget "recipeApp" */ = {
			isa = XCConfigurationList;
			buildConfigurations = (
				1D6058940D05DD3E006BFB54 /* Debug */,
				1D6058950D05DD3E006BFB54 /* Release */,
			);
			defaultConfigurationIsVisible = 0;
			defaultConfigurationName = Release;
		};
		C01FCF4E08A954540054247B /* Build configuration list for PBXProject "recipeApp" */ = {
			isa = XCConfigurationList;
			buildConfigurations = (
				C01FCF4F08A954540054247B /* Debug */,
				C01FCF5008A954540054247B /* Release */,
			);
			defaultConfigurationIsVisible = 0;
			defaultConfigurationName = Release;
		};
/* End XCConfigurationList section */
	};
	rootObject = 29B97313FDCFA39411CA2CEA /* Project object */;
}
